
Microsoft Visual Studio Solution File, Format Version 12.00
# Visual Studio Version 17
VisualStudioVersion = 17.8.34309.116
MinimumVisualStudioVersion = 10.0.40219.1
Project("{8BC9CEB8-8B4A-11D0-8D11-00A0C91BC942}") = "Pr_13.1", "Pr_13.1\Pr_13.1.vcxproj", "{B25E6581-D38E-4397-95F0-DB9E53575DDA}"
EndProject
Project("{8BC9CEB8-8B4A-11D0-8D11-00A0C91BC942}") = "UnitTest1", "UnitTest1\UnitTest1.vcxproj", "{7F751DE1-B747-4B1B-971B-02A45A70B226}"
EndProject
Global
	GlobalSection(SolutionConfigurationPlatforms) = preSolution
		Debug|x64 = Debug|x64
		Debug|x86 = Debug|x86
		Release|x64 = Release|x64
		Release|x86 = Release|x86
	EndGlobalSection
	GlobalSection(ProjectConfigurationPlatforms) = postSolution
		{B25E6581-D38E-4397-95F0-DB9E53575DDA}.Debug|x64.ActiveCfg = Debug|x64
		{B25E6581-D38E-4397-95F0-DB9E53575DDA}.Debug|x64.Build.0 = Debug|x64
		{B25E6581-D38E-4397-95F0-DB9E53575DDA}.Debug|x86.ActiveCfg = Debug|Win32
		{B25E6581-D38E-4397-95F0-DB9E53575DDA}.Debug|x86.Build.0 = Debug|Win32
		{B25E6581-D38E-4397-95F0-DB9E53575DDA}.Release|x64.ActiveCfg = Release|x64
		{B25E6581-D38E-4397-95F0-DB9E53575DDA}.Release|x64.Build.0 = Release|x64
		{B25E6581-D38E-4397-95F0-DB9E53575DDA}.Release|x86.ActiveCfg = Release|Win32
		{B25E6581-D38E-4397-95F0-DB9E53575DDA}.Release|x86.Build.0 = Release|Win32
		{7F751DE1-B747-4B1B-971B-02A45A70B226}.Debug|x64.ActiveCfg = Debug|x64
		{7F751DE1-B747-4B1B-971B-02A45A70B226}.Debug|x64.Build.0 = Debug|x64
		{7F751DE1-B747-4B1B-971B-02A45A70B226}.Debug|x86.ActiveCfg = Debug|Win32
		{7F751DE1-B747-4B1B-971B-02A45A70B226}.Debug|x86.Build.0 = Debug|Win32
		{7F751DE1-B747-4B1B-971B-02A45A70B226}.Release|x64.ActiveCfg = Release|x64
		{7F751DE1-B747-4B1B-971B-02A45A70B226}.Release|x64.Build.0 = Release|x64
		{7F751DE1-B747-4B1B-971B-02A45A70B226}.Release|x86.ActiveCfg = Release|Win32
		{7F751DE1-B747-4B1B-971B-02A45A70B226}.Release|x86.Build.0 = Release|Win32
	EndGlobalSection
	GlobalSection(SolutionProperties) = preSolution
		HideSolutionNode = FALSE
	EndGlobalSection
	GlobalSection(ExtensibilityGlobals) = postSolution
		SolutionGuid = {D0E79B2D-483A-4FAE-923D-916B7E9F308B}
	EndGlobalSection
EndGlobal
